
Microsoft Visual Studio Solution File, Format Version 12.00
# Visual Studio 14
VisualStudioVersion = 14.0.24720.0
MinimumVisualStudioVersion = 10.0.40219.1
Project("{00D1A9C2-B5F0-4AF3-8072-F6C62B433612}") = "ProjectDB", "ProjectDB\ProjectDB.sqlproj", "{85B7E0B6-3164-4F16-8107-3FBA4A90A327}"
EndProject
Project("{FAE04EC0-301F-11D3-BF4B-00C04F79EFBC}") = "ProjectModels", "ProjectModels\ProjectModels.csproj", "{317BB45A-C302-4D72-B6E6-A085D5D7C09C}"
EndProject
Project("{E24C65DC-7377-472B-9ABA-BC803B73C61A}") = "ProjectService", "ProjectService\", "{4630B11B-A2FC-415A-BA63-FC7B3A8B37A5}"
	ProjectSection(WebsiteProperties) = preProject
		TargetFrameworkMoniker = ".NETFramework,Version%3Dv4.5.2"
		ProjectReferences = "{317bb45a-c302-4d72-b6e6-a085d5d7c09c}|ProjectModels.dll;"
		Debug.AspNetCompiler.VirtualPath = "/localhost_56410"
		Debug.AspNetCompiler.PhysicalPath = "ProjectService\"
		Debug.AspNetCompiler.TargetPath = "PrecompiledWeb\localhost_56410\"
		Debug.AspNetCompiler.Updateable = "true"
		Debug.AspNetCompiler.ForceOverwrite = "true"
		Debug.AspNetCompiler.FixedNames = "false"
		Debug.AspNetCompiler.Debug = "True"
		Release.AspNetCompiler.VirtualPath = "/localhost_56410"
		Release.AspNetCompiler.PhysicalPath = "ProjectService\"
		Release.AspNetCompiler.TargetPath = "PrecompiledWeb\localhost_56410\"
		Release.AspNetCompiler.Updateable = "true"
		Release.AspNetCompiler.ForceOverwrite = "true"
		Release.AspNetCompiler.FixedNames = "false"
		Release.AspNetCompiler.Debug = "False"
		VWDPort = "56410"
		SlnRelativePath = "ProjectService\"
		DefaultWebSiteLanguage = "Visual C#"
	EndProjectSection
EndProject
Project("{FAE04EC0-301F-11D3-BF4B-00C04F79EFBC}") = "ProjectWebClient", "ProjectWebClient\ProjectWebClient.csproj", "{B27C39A1-4832-487A-8D99-2987EC0B9C51}"
EndProject
Global
	GlobalSection(SolutionConfigurationPlatforms) = preSolution
		Debug|Any CPU = Debug|Any CPU
		Release|Any CPU = Release|Any CPU
	EndGlobalSection
	GlobalSection(ProjectConfigurationPlatforms) = postSolution
		{85B7E0B6-3164-4F16-8107-3FBA4A90A327}.Debug|Any CPU.ActiveCfg = Debug|Any CPU
		{85B7E0B6-3164-4F16-8107-3FBA4A90A327}.Debug|Any CPU.Build.0 = Debug|Any CPU
		{85B7E0B6-3164-4F16-8107-3FBA4A90A327}.Debug|Any CPU.Deploy.0 = Debug|Any CPU
		{85B7E0B6-3164-4F16-8107-3FBA4A90A327}.Release|Any CPU.ActiveCfg = Release|Any CPU
		{85B7E0B6-3164-4F16-8107-3FBA4A90A327}.Release|Any CPU.Build.0 = Release|Any CPU
		{85B7E0B6-3164-4F16-8107-3FBA4A90A327}.Release|Any CPU.Deploy.0 = Release|Any CPU
		{317BB45A-C302-4D72-B6E6-A085D5D7C09C}.Debug|Any CPU.ActiveCfg = Debug|Any CPU
		{317BB45A-C302-4D72-B6E6-A085D5D7C09C}.Debug|Any CPU.Build.0 = Debug|Any CPU
		{317BB45A-C302-4D72-B6E6-A085D5D7C09C}.Release|Any CPU.ActiveCfg = Release|Any CPU
		{317BB45A-C302-4D72-B6E6-A085D5D7C09C}.Release|Any CPU.Build.0 = Release|Any CPU
		{4630B11B-A2FC-415A-BA63-FC7B3A8B37A5}.Debug|Any CPU.ActiveCfg = Debug|Any CPU
		{4630B11B-A2FC-415A-BA63-FC7B3A8B37A5}.Debug|Any CPU.Build.0 = Debug|Any CPU
		{4630B11B-A2FC-415A-BA63-FC7B3A8B37A5}.Release|Any CPU.ActiveCfg = Debug|Any CPU
		{4630B11B-A2FC-415A-BA63-FC7B3A8B37A5}.Release|Any CPU.Build.0 = Debug|Any CPU
		{B27C39A1-4832-487A-8D99-2987EC0B9C51}.Debug|Any CPU.ActiveCfg = Debug|Any CPU
		{B27C39A1-4832-487A-8D99-2987EC0B9C51}.Debug|Any CPU.Build.0 = Debug|Any CPU
		{B27C39A1-4832-487A-8D99-2987EC0B9C51}.Release|Any CPU.ActiveCfg = Release|Any CPU
		{B27C39A1-4832-487A-8D99-2987EC0B9C51}.Release|Any CPU.Build.0 = Release|Any CPU
	EndGlobalSection
	GlobalSection(SolutionProperties) = preSolution
		HideSolutionNode = FALSE
	EndGlobalSection
EndGlobal
